
Microsoft Visual Studio Solution File, Format Version 12.00
# Visual Studio 2012
Project("{FAE04EC0-301F-11D3-BF4B-00C04F79EFBC}") = "SampleMVCApplication", "SampleMVCApplication\SampleMVCApplication.csproj", "{238D7BD3-5886-4809-BEC5-B11CB9EAD779}"
EndProject
Project("{FAE04EC0-301F-11D3-BF4B-00C04F79EFBC}") = "SampleMVCApplication.Tests", "SampleMVCApplication.Tests\SampleMVCApplication.Tests.csproj", "{F7ED997B-A366-4A4E-983B-17D72618C525}"
EndProject
Global
	GlobalSection(SolutionConfigurationPlatforms) = preSolution
		Debug|Any CPU = Debug|Any CPU
		Release|Any CPU = Release|Any CPU
	EndGlobalSection
	GlobalSection(ProjectConfigurationPlatforms) = postSolution
		{238D7BD3-5886-4809-BEC5-B11CB9EAD779}.Debug|Any CPU.ActiveCfg = Debug|Any CPU
		{238D7BD3-5886-4809-BEC5-B11CB9EAD779}.Debug|Any CPU.Build.0 = Debug|Any CPU
		{238D7BD3-5886-4809-BEC5-B11CB9EAD779}.Release|Any CPU.ActiveCfg = Release|Any CPU
		{238D7BD3-5886-4809-BEC5-B11CB9EAD779}.Release|Any CPU.Build.0 = Release|Any CPU
		{F7ED997B-A366-4A4E-983B-17D72618C525}.Debug|Any CPU.ActiveCfg = Debug|Any CPU
		{F7ED997B-A366-4A4E-983B-17D72618C525}.Debug|Any CPU.Build.0 = Debug|Any CPU
		{F7ED997B-A366-4A4E-983B-17D72618C525}.Release|Any CPU.ActiveCfg = Release|Any CPU
		{F7ED997B-A366-4A4E-983B-17D72618C525}.Release|Any CPU.Build.0 = Release|Any CPU
	EndGlobalSection
	GlobalSection(SolutionProperties) = preSolution
		HideSolutionNode = FALSE
	EndGlobalSection
EndGlobal
